
Microsoft Visual Studio Solution File, Format Version 12.00
# Visual Studio Version 17
VisualStudioVersion = 17.14.36616.10 d17.14
MinimumVisualStudioVersion = 10.0.40219.1
Project("{FAE04EC0-301F-11D3-BF4B-00C04F79EFBC}") = "LostAdventure", "LostAdventure\LostAdventure.csproj", "{0205AE13-A385-498D-B011-F839D4B7DDEF}"
EndProject
Global
	GlobalSection(SolutionConfigurationPlatforms) = preSolution
		Debug|Any CPU = Debug|Any CPU
		Release|Any CPU = Release|Any CPU
	EndGlobalSection
	GlobalSection(ProjectConfigurationPlatforms) = postSolution
		{0205AE13-A385-498D-B011-F839D4B7DDEF}.Debug|Any CPU.ActiveCfg = Debug|Any CPU
		{0205AE13-A385-498D-B011-F839D4B7DDEF}.Debug|Any CPU.Build.0 = Debug|Any CPU
		{0205AE13-A385-498D-B011-F839D4B7DDEF}.Release|Any CPU.ActiveCfg = Release|Any CPU
		{0205AE13-A385-498D-B011-F839D4B7DDEF}.Release|Any CPU.Build.0 = Release|Any CPU
	EndGlobalSection
	GlobalSection(SolutionProperties) = preSolution
		HideSolutionNode = FALSE
	EndGlobalSection
	GlobalSection(ExtensibilityGlobals) = postSolution
		SolutionGuid = {ADCCA086-FEAE-4BD7-9BF0-65AA0B18F4C6}
	EndGlobalSection
EndGlobal
